
Microsoft Visual Studio Solution File, Format Version 12.00
# Visual Studio 15
VisualStudioVersion = 15.0.26730.16
MinimumVisualStudioVersion = 10.0.40219.1
Project("{FAE04EC0-301F-11D3-BF4B-00C04F79EFBC}") = "BLL", "BLL\BLL.csproj", "{5EB7429E-71AF-4BF5-B297-B5E3CC926AD8}"
EndProject
Project("{FAE04EC0-301F-11D3-BF4B-00C04F79EFBC}") = "DAL", "DAL\DAL.csproj", "{ED2FB399-F1AC-4908-95DE-CEE920F6275F}"
EndProject
Project("{FAE04EC0-301F-11D3-BF4B-00C04F79EFBC}") = "Model", "Model\Model.csproj", "{28C3BE0C-D427-4EBC-9A11-9BA8679DF3B2}"
EndProject
Project("{FAE04EC0-301F-11D3-BF4B-00C04F79EFBC}") = "OfficialWeb", "OfficialWeb\OfficialWeb.csproj", "{B1D60AFF-729C-4E7E-BEC9-2A1E2CF06384}"
EndProject
Project("{FAE04EC0-301F-11D3-BF4B-00C04F79EFBC}") = "Utility", "Utility\Utility.csproj", "{2B9BA41D-5061-4475-BEA1-D15202728EFC}"
EndProject
Global
	GlobalSection(SolutionConfigurationPlatforms) = preSolution
		Debug|Any CPU = Debug|Any CPU
		Release|Any CPU = Release|Any CPU
	EndGlobalSection
	GlobalSection(ProjectConfigurationPlatforms) = postSolution
		{5EB7429E-71AF-4BF5-B297-B5E3CC926AD8}.Debug|Any CPU.ActiveCfg = Debug|Any CPU
		{5EB7429E-71AF-4BF5-B297-B5E3CC926AD8}.Debug|Any CPU.Build.0 = Debug|Any CPU
		{5EB7429E-71AF-4BF5-B297-B5E3CC926AD8}.Release|Any CPU.ActiveCfg = Release|Any CPU
		{5EB7429E-71AF-4BF5-B297-B5E3CC926AD8}.Release|Any CPU.Build.0 = Release|Any CPU
		{ED2FB399-F1AC-4908-95DE-CEE920F6275F}.Debug|Any CPU.ActiveCfg = Debug|Any CPU
		{ED2FB399-F1AC-4908-95DE-CEE920F6275F}.Debug|Any CPU.Build.0 = Debug|Any CPU
		{ED2FB399-F1AC-4908-95DE-CEE920F6275F}.Release|Any CPU.ActiveCfg = Release|Any CPU
		{ED2FB399-F1AC-4908-95DE-CEE920F6275F}.Release|Any CPU.Build.0 = Release|Any CPU
		{28C3BE0C-D427-4EBC-9A11-9BA8679DF3B2}.Debug|Any CPU.ActiveCfg = Debug|Any CPU
		{28C3BE0C-D427-4EBC-9A11-9BA8679DF3B2}.Debug|Any CPU.Build.0 = Debug|Any CPU
		{28C3BE0C-D427-4EBC-9A11-9BA8679DF3B2}.Release|Any CPU.ActiveCfg = Release|Any CPU
		{28C3BE0C-D427-4EBC-9A11-9BA8679DF3B2}.Release|Any CPU.Build.0 = Release|Any CPU
		{B1D60AFF-729C-4E7E-BEC9-2A1E2CF06384}.Debug|Any CPU.ActiveCfg = Debug|Any CPU
		{B1D60AFF-729C-4E7E-BEC9-2A1E2CF06384}.Debug|Any CPU.Build.0 = Debug|Any CPU
		{B1D60AFF-729C-4E7E-BEC9-2A1E2CF06384}.Release|Any CPU.ActiveCfg = Release|Any CPU
		{B1D60AFF-729C-4E7E-BEC9-2A1E2CF06384}.Release|Any CPU.Build.0 = Release|Any CPU
		{2B9BA41D-5061-4475-BEA1-D15202728EFC}.Debug|Any CPU.ActiveCfg = Debug|Any CPU
		{2B9BA41D-5061-4475-BEA1-D15202728EFC}.Debug|Any CPU.Build.0 = Debug|Any CPU
		{2B9BA41D-5061-4475-BEA1-D15202728EFC}.Release|Any CPU.ActiveCfg = Release|Any CPU
		{2B9BA41D-5061-4475-BEA1-D15202728EFC}.Release|Any CPU.Build.0 = Release|Any CPU
	EndGlobalSection
	GlobalSection(SolutionProperties) = preSolution
		HideSolutionNode = FALSE
	EndGlobalSection
	GlobalSection(ExtensibilityGlobals) = postSolution
		SolutionGuid = {732AC82B-B994-4852-B405-1E218A848319}
	EndGlobalSection
EndGlobal
